lockfileVersion: '9.0'

settings:
  autoInstallPeers: true
  excludeLinksFromLockfile: false

importers:

  .:
    dependencies:
      '@mercuryworkshop/wisp-js':
        specifier: 0.4.1
        version: 0.4.1
    devDependencies:
      '@playwright/test':
        specifier: 1.62.0
        version: 1.62.0

packages:

  '@mercuryworkshop/wisp-js@0.4.1':
    resolution: {integrity: sha512-104LwiXiuhti/e32gmv0Da0u0yuLFDHX8JawCzleTPWJ5t5qTX4EYi4E7/ucbjBPN9wwVPWHE5g5yGqzl/NzQA==}
    hasBin: true

  '@playwright/test@1.62.0':
    resolution: {integrity: sha512-9zOJ6ZQRAena31MpOH9VSzIz8Ou3YJ/wtY/eQm5T2uhfhG7/U3COrMS8xOtUrZrp9OgdmzEnIYODye3nY1VqzA==}
    engines: {node: '>=20'}
    hasBin: true

  bufferutil@4.1.0:
    resolution: {integrity: sha512-ZMANVnAixE6AWWnPzlW2KpUrxhm9woycYvPOo67jWHyFowASTEd9s+QN1EIMsSDtwhIxN4sWE1jotpuDUIgyIw==}
    engines: {node: '>=6.14.2'}

  commander@14.0.3:
    resolution: {integrity: sha512-H+y0Jo/T1RZ9qPP4Eh1pkcQcLRglraJaSLoyOtHxu6AapkjWVCy2Sit1QQ4x3Dng8qDlSsZEet7g5Pq06MvTgw==}
    engines: {node: '>=20'}

  fsevents@2.3.2:
    resolution: {integrity: sha512-xiqMQR4xAeHTuB9uWm+fFRcIOgKBMiOBP+eXiyT7jsgVCq1bkVygt00oASowB7EdtpOHaaPgKt812P9ab+DDKA==}
    engines: {node: ^8.16.0 || ^10.6.0 || >=11.0.0}
    os: [darwin]

  ipaddr.js@2.5.0:
    resolution: {integrity: sha512-aq+t5NAc+cS6rZQQVWC2x98CPqGtKKTMDd4Gaodv0wShnItdKg/51djkGJ1hqH+Oy0ivDftCbSLCQob8zso01w==}
    engines: {node: '>= 10'}

  node-gyp-build@4.8.4:
    resolution: {integrity: sha512-LA4ZjwlnUblHVgq0oBF3Jl/6h/Nvs5fzBLwdEF4nuxnFdsfajde4WfxtJr3CaiH+F6ewcIB/q4jQ4UzPyid+CQ==}
    hasBin: true

  playwright-core@1.62.0:
    resolution: {integrity: sha512-nsNRyq0r2zsG8AcRHWknc9QRA5XCueC7gWMrs+Gx2tlZn9hcl8zudfh00lhJPY1DE7NmZ6bDsT9g2yey8mXljA==}
    engines: {node: '>=20'}
    hasBin: true

  playwright@1.62.0:
    resolution: {integrity: sha512-Z14dG305dgaLu6foB1TXQagFiW8JfSUIUaUuPaKQ6NtBPKF1P/qXcqfh6c6K/icPqdy37JmjbiBXf6JNg6Sylw==}
    engines: {node: '>=20'}
    hasBin: true

  ws@8.21.2:
    resolution: {integrity: sha512-54dMVAo4WIe6SKy3vBgN+9bJZqqQ8IMRevAkOLQALhi49qkkQDQfWdAZ8KQlXiEabw88ARXXdUrlvtbKQX+aKw==}
    engines: {node: '>=10.0.0'}
    peerDependencies:
      bufferutil: ^4.0.1
      utf-8-validate: '>=5.0.2'
    peerDependenciesMeta:
      bufferutil:
        optional: true
      utf-8-validate:
        optional: true

snapshots:

  '@mercuryworkshop/wisp-js@0.4.1':
    dependencies:
      bufferutil: 4.1.0
      commander: 14.0.3
      ipaddr.js: 2.5.0
      ws: 8.21.2(bufferutil@4.1.0)
    transitivePeerDependencies:
      - utf-8-validate

  '@playwright/test@1.62.0':
    dependencies:
      playwright: 1.62.0

  bufferutil@4.1.0:
    dependencies:
      node-gyp-build: 4.8.4

  commander@14.0.3: {}

  fsevents@2.3.2:
    optional: true

  ipaddr.js@2.5.0: {}

  node-gyp-build@4.8.4: {}

  playwright-core@1.62.0: {}

  playwright@1.62.0:
    dependencies:
      playwright-core: 1.62.0
    optionalDependencies:
      fsevents: 2.3.2

  ws@8.21.2(bufferutil@4.1.0):
    optionalDependencies:
      bufferutil: 4.1.0
